
Microsoft Visual Studio Solution File, Format Version 12.00
# Visual Studio Version 17
VisualStudioVersion = 17.4.33213.308
MinimumVisualStudioVersion = 10.0.40219.1
Project("{FAE04EC0-301F-11D3-BF4B-00C04F79EFBC}") = "ConsoleMon", "ConsoleMon\ConsoleMon.csproj", "{7BBF195A-5D24-457F-989C-9A5916B8A785}"
EndProject
Global
	GlobalSection(SolutionConfigurationPlatforms) = preSolution
		Debug|Any CPU = Debug|Any CPU
		Release|Any CPU = Release|Any CPU
	EndGlobalSection
	GlobalSection(ProjectConfigurationPlatforms) = postSolution
		{7BBF195A-5D24-457F-989C-9A5916B8A785}.Debug|Any CPU.ActiveCfg = Debug|Any CPU
		{7BBF195A-5D24-457F-989C-9A5916B8A785}.Debug|Any CPU.Build.0 = Debug|Any CPU
		{7BBF195A-5D24-457F-989C-9A5916B8A785}.Release|Any CPU.ActiveCfg = Release|Any CPU
		{7BBF195A-5D24-457F-989C-9A5916B8A785}.Release|Any CPU.Build.0 = Release|Any CPU
	EndGlobalSection
	GlobalSection(SolutionProperties) = preSolution
		HideSolutionNode = FALSE
	EndGlobalSection
	GlobalSection(ExtensibilityGlobals) = postSolution
		SolutionGuid = {D99B3C9E-D121-405F-A07B-1AB16A98B8C2}
	EndGlobalSection
EndGlobal
